
Microsoft Visual Studio Solution File, Format Version 12.00
# Visual Studio Version 16
VisualStudioVersion = 16.0.35731.53
MinimumVisualStudioVersion = 10.0.40219.1
Project("{FAE04EC0-301F-11D3-BF4B-00C04F79EFBC}") = "r.e.p.o cheat", "r.e.p.o cheat\r.e.p.o cheat.csproj", "{07205E12-856A-40BF-A8EE-41329506BE39}"
EndProject
Global
	GlobalSection(SolutionConfigurationPlatforms) = preSolution
		Debug|Any CPU = Debug|Any CPU
		Release|Any CPU = Release|Any CPU
	EndGlobalSection
	GlobalSection(ProjectConfigurationPlatforms) = postSolution
		{07205E12-856A-40BF-A8EE-41329506BE39}.Debug|Any CPU.ActiveCfg = Debug|Any CPU
		{07205E12-856A-40BF-A8EE-41329506BE39}.Debug|Any CPU.Build.0 = Debug|Any CPU
		{07205E12-856A-40BF-A8EE-41329506BE39}.Release|Any CPU.ActiveCfg = Release|Any CPU
		{07205E12-856A-40BF-A8EE-41329506BE39}.Release|Any CPU.Build.0 = Release|Any CPU
	EndGlobalSection
	GlobalSection(SolutionProperties) = preSolution
		HideSolutionNode = FALSE
	EndGlobalSection
	GlobalSection(ExtensibilityGlobals) = postSolution
		SolutionGuid = {302B9A39-3E46-424E-AD18-D9310FABA47E}
	EndGlobalSection
EndGlobal
